// !$*UTF8*$!
{
	archiveVersion = 1;
	classes = {
	};
	objectVersion = 56;
	objects = {

/* Begin PBXBuildFile section */
		B11CE9A52939F56100C3B063 /* Nendoroid.swift in Sources */ = {isa = PBXBuildFile; fileRef = B11CE9A42939F56100C3B063 /* Nendoroid.swift */; };
		B11CE9A72939F5BD00C3B063 /* Gender.swift in Sources */ = {isa = PBXBuildFile; fileRef = B11CE9A62939F5BD00C3B063 /* Gender.swift */; };
		B11CE9A92939F9A800C3B063 /* LanguageCode.swift in Sources */ = {isa = PBXBuildFile; fileRef = B11CE9A82939F9A800C3B063 /* LanguageCode.swift */; };
		B11CE9AB2939FB5600C3B063 /* NendoroidSet.swift in Sources */ = {isa = PBXBuildFile; fileRef = B11CE9AA2939FB5600C3B063 /* NendoroidSet.swift */; };
		B11CE9AD2939FC3400C3B063 /* NendoroidDAO.swift in Sources */ = {isa = PBXBuildFile; fileRef = B11CE9AC2939FC3400C3B063 /* NendoroidDAO.swift */; };
		B11CE9B0293A078700C3B063 /* String+Additions.swift in Sources */ = {isa = PBXBuildFile; fileRef = B11CE9AF293A078700C3B063 /* String+Additions.swift */; };
		B11CE9B2293A0A5600C3B063 /* LocalizedString.swift in Sources */ = {isa = PBXBuildFile; fileRef = B11CE9B1293A0A5600C3B063 /* LocalizedString.swift */; };
		B11CE9B4293A446200C3B063 /* Base.swift in Sources */ = {isa = PBXBuildFile; fileRef = B11CE9B3293A446200C3B063 /* Base.swift */; };
		B11CE9B729408DA100C3B063 /* SwiftSoup in Frameworks */ = {isa = PBXBuildFile; productRef = B11CE9B629408DA100C3B063 /* SwiftSoup */; };
		B11CE9BA29423B4E00C3B063 /* Alamofire in Frameworks */ = {isa = PBXBuildFile; productRef = B11CE9B929423B4E00C3B063 /* Alamofire */; };
		B11CE9BE2942406B00C3B063 /* GSCRouter.swift in Sources */ = {isa = PBXBuildFile; fileRef = B11CE9BD2942406B00C3B063 /* GSCRouter.swift */; };
		B11CE9C229434A3000C3B063 /* UnicodeScalar+EAW.swift in Sources */ = {isa = PBXBuildFile; fileRef = B11CE9C129434A3000C3B063 /* UnicodeScalar+EAW.swift */; };
		B185EA6B294490F000A3F069 /* GSCRepository.swift in Sources */ = {isa = PBXBuildFile; fileRef = B185EA6A294490F000A3F069 /* GSCRepository.swift */; };
		B185EA6D2944964B00A3F069 /* GSCError.swift in Sources */ = {isa = PBXBuildFile; fileRef = B185EA6C2944964B00A3F069 /* GSCError.swift */; };
		B1EF81262939E76F000E9889 /* GSCParserApp.swift in Sources */ = {isa = PBXBuildFile; fileRef = B1EF81252939E76F000E9889 /* GSCParserApp.swift */; };
		B1EF81282939E76F000E9889 /* ContentView.swift in Sources */ = {isa = PBXBuildFile; fileRef = B1EF81272939E76F000E9889 /* ContentView.swift */; };
		B1EF812A2939E770000E9889 /* Assets.xcassets in Resources */ = {isa = PBXBuildFile; fileRef = B1EF81292939E770000E9889 /* Assets.xcassets */; };
		B1EF812D2939E770000E9889 /* Preview Assets.xcassets in Resources */ = {isa = PBXBuildFile; fileRef = B1EF812C2939E770000E9889 /* Preview Assets.xcassets */; };
		B1EF813B2939E78E000E9889 /* GSCParser.swift in Sources */ = {isa = PBXBuildFile; fileRef = B1EF813A2939E78E000E9889 /* GSCParser.swift */; };
		B1EF81522939EC75000E9889 /* Parser.swift in Sources */ = {isa = PBXBuildFile; fileRef = B1EF81512939EC75000E9889 /* Parser.swift */; };
		B1EF81542939ECEF000E9889 /* libGSCParser.a in Frameworks */ = {isa = PBXBuildFile; fileRef = B1EF81432939EA6A000E9889 /* libGSCParser.a */; };
		B1F880572948FC420029D548 /* libGSCParser.a in Frameworks */ = {isa = PBXBuildFile; fileRef = B1EF81432939EA6A000E9889 /* libGSCParser.a */; };
		B1FDF32D29449B78004083A0 /* ParserHelper.swift in Sources */ = {isa = PBXBuildFile; fileRef = B1FDF32C29449B78004083A0 /* ParserHelper.swift */; };
		B1FDF32F294785DC004083A0 /* Nendoroid+Merge.swift in Sources */ = {isa = PBXBuildFile; fileRef = B1FDF32E294785DC004083A0 /* Nendoroid+Merge.swift */; };
		B1FDF3322948F73A004083A0 /* ArgumentParser in Frameworks */ = {isa = PBXBuildFile; productRef = B1FDF3312948F73A004083A0 /* ArgumentParser */; };
/* End PBXBuildFile section */

/* Begin PBXContainerItemProxy section */
		B1EF81552939ECEF000E9889 /* PBXContainerItemProxy */ = {
			isa = PBXContainerItemProxy;
			containerPortal = B1EF811A2939E76F000E9889 /* Project object */;
			proxyType = 1;
			remoteGlobalIDString = B1EF81422939EA6A000E9889;
			remoteInfo = Parser;
		};
		B1F880582948FC420029D548 /* PBXContainerItemProxy */ = {
			isa = PBXContainerItemProxy;
			containerPortal = B1EF811A2939E76F000E9889 /* Project object */;
			proxyType = 1;
			remoteGlobalIDString = B1EF81422939EA6A000E9889;
			remoteInfo = GSCParser;
		};
/* End PBXContainerItemProxy section */

/* Begin PBXCopyFilesBuildPhase section */
		B1EF81362939E78E000E9889 /* CopyFiles */ = {
			isa = PBXCopyFilesBuildPhase;
			buildActionMask = 2147483647;
			dstPath = /usr/share/man/man1/;
			dstSubfolderSpec = 0;
			files = (
			);
			runOnlyForDeploymentPostprocessing = 1;
		};
/* End PBXCopyFilesBuildPhase section */

/* Begin PBXFileReference section */
		B11CE9A42939F56100C3B063 /* Nendoroid.swift */ = {isa = PBXFileReference; lastKnownFileType = sourcecode.swift; path = Nendoroid.swift; sourceTree = "<group>"; };
		B11CE9A62939F5BD00C3B063 /* Gender.swift */ = {isa = PBXFileReference; lastKnownFileType = sourcecode.swift; path = Gender.swift; sourceTree = "<group>"; };
		B11CE9A82939F9A800C3B063 /* LanguageCode.swift */ = {isa = PBXFileReference; lastKnownFileType = sourcecode.swift; path = LanguageCode.swift; sourceTree = "<group>"; };
		B11CE9AA2939FB5600C3B063 /* NendoroidSet.swift */ = {isa = PBXFileReference; lastKnownFileType = sourcecode.swift; path = NendoroidSet.swift; sourceTree = "<group>"; };
		B11CE9AC2939FC3400C3B063 /* NendoroidDAO.swift */ = {isa = PBXFileReference; lastKnownFileType = sourcecode.swift; path = NendoroidDAO.swift; sourceTree = "<group>"; };
		B11CE9AF293A078700C3B063 /* String+Additions.swift */ = {isa = PBXFileReference; lastKnownFileType = sourcecode.swift; path = "String+Additions.swift"; sourceTree = "<group>"; };
		B11CE9B1293A0A5600C3B063 /* LocalizedString.swift */ = {isa = PBXFileReference; lastKnownFileType = sourcecode.swift; path = LocalizedString.swift; sourceTree = "<group>"; };
		B11CE9B3293A446200C3B063 /* Base.swift */ = {isa = PBXFileReference; lastKnownFileType = sourcecode.swift; path = Base.swift; sourceTree = "<group>"; };
		B11CE9BD2942406B00C3B063 /* GSCRouter.swift */ = {isa = PBXFileReference; lastKnownFileType = sourcecode.swift; path = GSCRouter.swift; sourceTree = "<group>"; };
		B11CE9C129434A3000C3B063 /* UnicodeScalar+EAW.swift */ = {isa = PBXFileReference; lastKnownFileType = sourcecode.swift; path = "UnicodeScalar+EAW.swift"; sourceTree = "<group>"; };
		B185EA6A294490F000A3F069 /* GSCRepository.swift */ = {isa = PBXFileReference; lastKnownFileType = sourcecode.swift; path = GSCRepository.swift; sourceTree = "<group>"; };
		B185EA6C2944964B00A3F069 /* GSCError.swift */ = {isa = PBXFileReference; lastKnownFileType = sourcecode.swift; path = GSCError.swift; sourceTree = "<group>"; };
		B1EF81222939E76F000E9889 /* GSCParser-GUI.app */ = {isa = PBXFileReference; explicitFileType = wrapper.application; includeInIndex = 0; path = "GSCParser-GUI.app"; sourceTree = BUILT_PRODUCTS_DIR; };
		B1EF81252939E76F000E9889 /* GSCParserApp.swift */ = {isa = PBXFileReference; lastKnownFileType = sourcecode.swift; path = GSCParserApp.swift; sourceTree = "<group>"; };
		B1EF81272939E76F000E9889 /* ContentView.swift */ = {isa = PBXFileReference; lastKnownFileType = sourcecode.swift; path = ContentView.swift; sourceTree = "<group>"; };
		B1EF81292939E770000E9889 /* Assets.xcassets */ = {isa = PBXFileReference; lastKnownFileType = folder.assetcatalog; path = Assets.xcassets; sourceTree = "<group>"; };
		B1EF812C2939E770000E9889 /* Preview Assets.xcassets */ = {isa = PBXFileReference; lastKnownFileType = folder.assetcatalog; path = "Preview Assets.xcassets"; sourceTree = "<group>"; };
		B1EF812E2939E770000E9889 /* GSCParser.entitlements */ = {isa = PBXFileReference; lastKnownFileType = text.plist.entitlements; path = GSCParser.entitlements; sourceTree = "<group>"; };
		B1EF81382939E78E000E9889 /* GSCParser-CLI */ = {isa = PBXFileReference; explicitFileType = "compiled.mach-o.executable"; includeInIndex = 0; path = "GSCParser-CLI"; sourceTree = BUILT_PRODUCTS_DIR; };
		B1EF813A2939E78E000E9889 /* GSCParser.swift */ = {isa = PBXFileReference; lastKnownFileType = sourcecode.swift; path = GSCParser.swift; sourceTree = "<group>"; };
		B1EF81432939EA6A000E9889 /* libGSCParser.a */ = {isa = PBXFileReference; explicitFileType = archive.ar; includeInIndex = 0; path = libGSCParser.a; sourceTree = BUILT_PRODUCTS_DIR; };
		B1EF81512939EC75000E9889 /* Parser.swift */ = {isa = PBXFileReference; lastKnownFileType = sourcecode.swift; path = Parser.swift; sourceTree = "<group>"; };
		B1EF81572939ED34000E9889 /* Info.plist */ = {isa = PBXFileReference; lastKnownFileType = text.plist; path = Info.plist; sourceTree = "<group>"; };
		B1FDF32C29449B78004083A0 /* ParserHelper.swift */ = {isa = PBXFileReference; lastKnownFileType = sourcecode.swift; path = ParserHelper.swift; sourceTree = "<group>"; };
		B1FDF32E294785DC004083A0 /* Nendoroid+Merge.swift */ = {isa = PBXFileReference; lastKnownFileType = sourcecode.swift; path = "Nendoroid+Merge.swift"; sourceTree = "<group>"; };
/* End PBXFileReference section */

/* Begin PBXFrameworksBuildPhase section */
		B1EF811F2939E76F000E9889 /* Frameworks */ = {
			isa = PBXFrameworksBuildPhase;
			buildActionMask = 2147483647;
			files = (
				B1F880572948FC420029D548 /* libGSCParser.a in Frameworks */,
			);
			runOnlyForDeploymentPostprocessing = 0;
		};
		B1EF81352939E78E000E9889 /* Frameworks */ = {
			isa = PBXFrameworksBuildPhase;
			buildActionMask = 2147483647;
			files = (
				B1FDF3322948F73A004083A0 /* ArgumentParser in Frameworks */,
				B1EF81542939ECEF000E9889 /* libGSCParser.a in Frameworks */,
			);
			runOnlyForDeploymentPostprocessing = 0;
		};
		B1EF81412939EA6A000E9889 /* Frameworks */ = {
			isa = PBXFrameworksBuildPhase;
			buildActionMask = 2147483647;
			files = (
				B11CE9B729408DA100C3B063 /* SwiftSoup in Frameworks */,
				B11CE9BA29423B4E00C3B063 /* Alamofire in Frameworks */,
			);
			runOnlyForDeploymentPostprocessing = 0;
		};
/* End PBXFrameworksBuildPhase section */

/* Begin PBXGroup section */
		B11CE9A32939F55200C3B063 /* Model */ = {
			isa = PBXGroup;
			children = (
				B11CE9B3293A446200C3B063 /* Base.swift */,
				B11CE9A62939F5BD00C3B063 /* Gender.swift */,
				B11CE9A82939F9A800C3B063 /* LanguageCode.swift */,
				B11CE9B1293A0A5600C3B063 /* LocalizedString.swift */,
				B11CE9A42939F56100C3B063 /* Nendoroid.swift */,
				B11CE9AA2939FB5600C3B063 /* NendoroidSet.swift */,
				B185EA6C2944964B00A3F069 /* GSCError.swift */,
			);
			path = Model;
			sourceTree = "<group>";
		};
		B11CE9AE293A05C800C3B063 /* Extensions */ = {
			isa = PBXGroup;
			children = (
				B11CE9AF293A078700C3B063 /* String+Additions.swift */,
				B11CE9C129434A3000C3B063 /* UnicodeScalar+EAW.swift */,
				B1FDF32E294785DC004083A0 /* Nendoroid+Merge.swift */,
			);
			path = Extensions;
			sourceTree = "<group>";
		};
		B11CE9BB2942404800C3B063 /* Repositories */ = {
			isa = PBXGroup;
			children = (
				B185EA69294490DE00A3F069 /* Routers */,
				B185EA6A294490F000A3F069 /* GSCRepository.swift */,
			);
			path = Repositories;
			sourceTree = "<group>";
		};
		B185EA69294490DE00A3F069 /* Routers */ = {
			isa = PBXGroup;
			children = (
				B11CE9BD2942406B00C3B063 /* GSCRouter.swift */,
			);
			path = Routers;
			sourceTree = "<group>";
		};
		B1EF81192939E76F000E9889 = {
			isa = PBXGroup;
			children = (
				B1EF81242939E76F000E9889 /* GSCParser-GUI */,
				B1EF81392939E78E000E9889 /* GSCParser-CLI */,
				B1EF81442939EA6A000E9889 /* GSCParser */,
				B1EF81232939E76F000E9889 /* Products */,
				B1EF81532939ECEF000E9889 /* Frameworks */,
			);
			sourceTree = "<group>";
		};
		B1EF81232939E76F000E9889 /* Products */ = {
			isa = PBXGroup;
			children = (
				B1EF81222939E76F000E9889 /* GSCParser-GUI.app */,
				B1EF81382939E78E000E9889 /* GSCParser-CLI */,
				B1EF81432939EA6A000E9889 /* libGSCParser.a */,
			);
			name = Products;
			sourceTree = "<group>";
		};
		B1EF81242939E76F000E9889 /* GSCParser-GUI */ = {
			isa = PBXGroup;
			children = (
				B1EF81572939ED34000E9889 /* Info.plist */,
				B1EF81252939E76F000E9889 /* GSCParserApp.swift */,
				B1EF81272939E76F000E9889 /* ContentView.swift */,
				B1EF81292939E770000E9889 /* Assets.xcassets */,
				B1EF812E2939E770000E9889 /* GSCParser.entitlements */,
				B1EF812B2939E770000E9889 /* Preview Content */,
			);
			path = "GSCParser-GUI";
			sourceTree = "<group>";
		};
		B1EF812B2939E770000E9889 /* Preview Content */ = {
			isa = PBXGroup;
			children = (
				B1EF812C2939E770000E9889 /* Preview Assets.xcassets */,
			);
			path = "Preview Content";
			sourceTree = "<group>";
		};
		B1EF81392939E78E000E9889 /* GSCParser-CLI */ = {
			isa = PBXGroup;
			children = (
				B1EF813A2939E78E000E9889 /* GSCParser.swift */,
			);
			path = "GSCParser-CLI";
			sourceTree = "<group>";
		};
		B1EF81442939EA6A000E9889 /* GSCParser */ = {
			isa = PBXGroup;
			children = (
				B1FDF32B29449B4E004083A0 /* Utilities */,
				B11CE9AC2939FC3400C3B063 /* NendoroidDAO.swift */,
				B11CE9AE293A05C800C3B063 /* Extensions */,
				B11CE9A32939F55200C3B063 /* Model */,
				B11CE9BB2942404800C3B063 /* Repositories */,
				B1EF81512939EC75000E9889 /* Parser.swift */,
			);
			path = GSCParser;
			sourceTree = "<group>";
		};
		B1EF81532939ECEF000E9889 /* Frameworks */ = {
			isa = PBXGroup;
			children = (
			);
			name = Frameworks;
			sourceTree = "<group>";
		};
		B1FDF32B29449B4E004083A0 /* Utilities */ = {
			isa = PBXGroup;
			children = (
				B1FDF32C29449B78004083A0 /* ParserHelper.swift */,
			);
			path = Utilities;
			sourceTree = "<group>";
		};
/* End PBXGroup section */

/* Begin PBXHeadersBuildPhase section */
		B1EF813F2939EA6A000E9889 /* Headers */ = {
			isa = PBXHeadersBuildPhase;
			buildActionMask = 2147483647;
			files = (
			);
			runOnlyForDeploymentPostprocessing = 0;
		};
/* End PBXHeadersBuildPhase section */

/* Begin PBXNativeTarget section */
		B1EF81212939E76F000E9889 /* GSCParser-GUI */ = {
			isa = PBXNativeTarget;
			buildConfigurationList = B1EF81312939E770000E9889 /* Build configuration list for PBXNativeTarget "GSCParser-GUI" */;
			buildPhases = (
				B1EF811E2939E76F000E9889 /* Sources */,
				B1EF811F2939E76F000E9889 /* Frameworks */,
				B1EF81202939E76F000E9889 /* Resources */,
			);
			buildRules = (
			);
			dependencies = (
				B1F880592948FC420029D548 /* PBXTargetDependency */,
			);
			name = "GSCParser-GUI";
			productName = GSCParser;
			productReference = B1EF81222939E76F000E9889 /* GSCParser-GUI.app */;
			productType = "com.apple.product-type.application";
		};
		B1EF81372939E78E000E9889 /* GSCParser-CLI */ = {
			isa = PBXNativeTarget;
			buildConfigurationList = B1EF813C2939E78E000E9889 /* Build configuration list for PBXNativeTarget "GSCParser-CLI" */;
			buildPhases = (
				B1EF81342939E78E000E9889 /* Sources */,
				B1EF81352939E78E000E9889 /* Frameworks */,
				B1EF81362939E78E000E9889 /* CopyFiles */,
			);
			buildRules = (
			);
			dependencies = (
				B1EF81562939ECEF000E9889 /* PBXTargetDependency */,
			);
			name = "GSCParser-CLI";
			packageProductDependencies = (
				B1FDF3312948F73A004083A0 /* ArgumentParser */,
			);
			productName = "GSCParser-CLI";
			productReference = B1EF81382939E78E000E9889 /* GSCParser-CLI */;
			productType = "com.apple.product-type.tool";
		};
		B1EF81422939EA6A000E9889 /* GSCParser */ = {
			isa = PBXNativeTarget;
			buildConfigurationList = B1EF81492939EA6A000E9889 /* Build configuration list for PBXNativeTarget "GSCParser" */;
			buildPhases = (
				B1EF813F2939EA6A000E9889 /* Headers */,
				B1EF81402939EA6A000E9889 /* Sources */,
				B1EF81412939EA6A000E9889 /* Frameworks */,
			);
			buildRules = (
			);
			dependencies = (
			);
			name = GSCParser;
			packageProductDependencies = (
				B11CE9B629408DA100C3B063 /* SwiftSoup */,
				B11CE9B929423B4E00C3B063 /* Alamofire */,
			);
			productName = Parser;
			productReference = B1EF81432939EA6A000E9889 /* libGSCParser.a */;
			productType = "com.apple.product-type.library.static";
		};
/* End PBXNativeTarget section */

/* Begin PBXProject section */
		B1EF811A2939E76F000E9889 /* Project object */ = {
			isa = PBXProject;
			attributes = {
				BuildIndependentTargetsInParallel = 1;
				LastSwiftUpdateCheck = 1410;
				LastUpgradeCheck = 1410;
				TargetAttributes = {
					B1EF81212939E76F000E9889 = {
						CreatedOnToolsVersion = 14.1;
					};
					B1EF81372939E78E000E9889 = {
						CreatedOnToolsVersion = 14.1;
					};
					B1EF81422939EA6A000E9889 = {
						CreatedOnToolsVersion = 14.1;
						LastSwiftMigration = 1410;
					};
				};
			};
			buildConfigurationList = B1EF811D2939E76F000E9889 /* Build configuration list for PBXProject "GSCParser" */;
			compatibilityVersion = "Xcode 14.0";
			developmentRegion = en;
			hasScannedForEncodings = 0;
			knownRegions = (
				en,
				Base,
			);
			mainGroup = B1EF81192939E76F000E9889;
			packageReferences = (
				B11CE9B529408DA100C3B063 /* XCRemoteSwiftPackageReference "SwiftSoup" */,
				B11CE9B829423B4E00C3B063 /* XCRemoteSwiftPackageReference "Alamofire" */,
				B1FDF3302948F73A004083A0 /* XCRemoteSwiftPackageReference "swift-argument-parser" */,
			);
			productRefGroup = B1EF81232939E76F000E9889 /* Products */;
			projectDirPath = "";
			projectRoot = "";
			targets = (
				B1EF81212939E76F000E9889 /* GSCParser-GUI */,
				B1EF81372939E78E000E9889 /* GSCParser-CLI */,
				B1EF81422939EA6A000E9889 /* GSCParser */,
			);
		};
/* End PBXProject section */

/* Begin PBXResourcesBuildPhase section */
		B1EF81202939E76F000E9889 /* Resources */ = {
			isa = PBXResourcesBuildPhase;
			buildActionMask = 2147483647;
			files = (
				B1EF812D2939E770000E9889 /* Preview Assets.xcassets in Resources */,
				B1EF812A2939E770000E9889 /* Assets.xcassets in Resources */,
			);
			runOnlyForDeploymentPostprocessing = 0;
		};
/* End PBXResourcesBuildPhase section */

/* Begin PBXSourcesBuildPhase section */
		B1EF811E2939E76F000E9889 /* Sources */ = {
			isa = PBXSourcesBuildPhase;
			buildActionMask = 2147483647;
			files = (
				B1EF81282939E76F000E9889 /* ContentView.swift in Sources */,
				B1EF81262939E76F000E9889 /* GSCParserApp.swift in Sources */,
			);
			runOnlyForDeploymentPostprocessing = 0;
		};
		B1EF81342939E78E000E9889 /* Sources */ = {
			isa = PBXSourcesBuildPhase;
			buildActionMask = 2147483647;
			files = (
				B1EF813B2939E78E000E9889 /* GSCParser.swift in Sources */,
			);
			runOnlyForDeploymentPostprocessing = 0;
		};
		B1EF81402939EA6A000E9889 /* Sources */ = {
			isa = PBXSourcesBuildPhase;
			buildActionMask = 2147483647;
			files = (
				B11CE9B0293A078700C3B063 /* String+Additions.swift in Sources */,
				B185EA6D2944964B00A3F069 /* GSCError.swift in Sources */,
				B11CE9A92939F9A800C3B063 /* LanguageCode.swift in Sources */,
				B11CE9A72939F5BD00C3B063 /* Gender.swift in Sources */,
				B1FDF32D29449B78004083A0 /* ParserHelper.swift in Sources */,
				B11CE9A52939F56100C3B063 /* Nendoroid.swift in Sources */,
				B11CE9C229434A3000C3B063 /* UnicodeScalar+EAW.swift in Sources */,
				B11CE9AD2939FC3400C3B063 /* NendoroidDAO.swift in Sources */,
				B1EF81522939EC75000E9889 /* Parser.swift in Sources */,
				B11CE9B4293A446200C3B063 /* Base.swift in Sources */,
				B11CE9B2293A0A5600C3B063 /* LocalizedString.swift in Sources */,
				B11CE9AB2939FB5600C3B063 /* NendoroidSet.swift in Sources */,
				B11CE9BE2942406B00C3B063 /* GSCRouter.swift in Sources */,
				B1FDF32F294785DC004083A0 /* Nendoroid+Merge.swift in Sources */,
				B185EA6B294490F000A3F069 /* GSCRepository.swift in Sources */,
			);
			runOnlyForDeploymentPostprocessing = 0;
		};
/* End PBXSourcesBuildPhase section */

/* Begin PBXTargetDependency section */
		B1EF81562939ECEF000E9889 /* PBXTargetDependency */ = {
			isa = PBXTargetDependency;
			target = B1EF81422939EA6A000E9889 /* GSCParser */;
			targetProxy = B1EF81552939ECEF000E9889 /* PBXContainerItemProxy */;
		};
		B1F880592948FC420029D548 /* PBXTargetDependency */ = {
			isa = PBXTargetDependency;
			target = B1EF81422939EA6A000E9889 /* GSCParser */;
			targetProxy = B1F880582948FC420029D548 /* PBXContainerItemProxy */;
		};
/* End PBXTargetDependency section */

/* Begin XCBuildConfiguration section */
		B1EF812F2939E770000E9889 /* Debug */ = {
			isa = XCBuildConfiguration;
			buildSettings = {
				ALWAYS_SEARCH_USER_PATHS = NO;
				CLANG_ANALYZER_NONNULL = YES;
				CLANG_ANALYZER_NUMBER_OBJECT_CONVERSION = YES_AGGRESSIVE;
				CLANG_CXX_LANGUAGE_STANDARD = "gnu++20";
				CLANG_ENABLE_MODULES = YES;
				CLANG_ENABLE_OBJC_ARC = YES;
				CLANG_ENABLE_OBJC_WEAK = YES;
				CLANG_WARN_BLOCK_CAPTURE_AUTORELEASING = YES;
				CLANG_WARN_BOOL_CONVERSION = YES;
				CLANG_WARN_COMMA = YES;
				CLANG_WARN_CONSTANT_CONVERSION = YES;
				CLANG_WARN_DEPRECATED_OBJC_IMPLEMENTATIONS = YES;
				CLANG_WARN_DIRECT_OBJC_ISA_USAGE = YES_ERROR;
				CLANG_WARN_DOCUMENTATION_COMMENTS = YES;
				CLANG_WARN_EMPTY_BODY = YES;
				CLANG_WARN_ENUM_CONVERSION = YES;
				CLANG_WARN_INFINITE_RECURSION = YES;
				CLANG_WARN_INT_CONVERSION = YES;
				CLANG_WARN_NON_LITERAL_NULL_CONVERSION = YES;
				CLANG_WARN_OBJC_IMPLICIT_RETAIN_SELF = YES;
				CLANG_WARN_OBJC_LITERAL_CONVERSION = YES;
				CLANG_WARN_OBJC_ROOT_CLASS = YES_ERROR;
				CLANG_WARN_QUOTED_INCLUDE_IN_FRAMEWORK_HEADER = YES;
				CLANG_WARN_RANGE_LOOP_ANALYSIS = YES;
				CLANG_WARN_STRICT_PROTOTYPES = YES;
				CLANG_WARN_SUSPICIOUS_MOVE = YES;
				CLANG_WARN_UNGUARDED_AVAILABILITY = YES_AGGRESSIVE;
				CLANG_WARN_UNREACHABLE_CODE = YES;
				CLANG_WARN__DUPLICATE_METHOD_MATCH = YES;
				COPY_PHASE_STRIP = NO;
				DEBUG_INFORMATION_FORMAT = dwarf;
				ENABLE_STRICT_OBJC_MSGSEND = YES;
				ENABLE_TESTABILITY = YES;
				GCC_C_LANGUAGE_STANDARD = gnu11;
				GCC_DYNAMIC_NO_PIC = NO;
				GCC_NO_COMMON_BLOCKS = YES;
				GCC_OPTIMIZATION_LEVEL = 0;
				GCC_PREPROCESSOR_DEFINITIONS = (
					"DEBUG=1",
					"$(inherited)",
				);
				GCC_WARN_64_TO_32_BIT_CONVERSION = YES;
				GCC_WARN_ABOUT_RETURN_TYPE = YES_ERROR;
				GCC_WARN_UNDECLARED_SELECTOR = YES;
				GCC_WARN_UNINITIALIZED_AUTOS = YES_AGGRESSIVE;
				GCC_WARN_UNUSED_FUNCTION = YES;
				GCC_WARN_UNUSED_VARIABLE = YES;
				MACOSX_DEPLOYMENT_TARGET = 13.0;
				MTL_ENABLE_DEBUG_INFO = INCLUDE_SOURCE;
				MTL_FAST_MATH = YES;
				ONLY_ACTIVE_ARCH = YES;
				SDKROOT = macosx;
				SWIFT_ACTIVE_COMPILATION_CONDITIONS = DEBUG;
				SWIFT_OPTIMIZATION_LEVEL = "-Onone";
			};
			name = Debug;
		};
		B1EF81302939E770000E9889 /* Release */ = {
			isa = XCBuildConfiguration;
			buildSettings = {
				ALWAYS_SEARCH_USER_PATHS = NO;
				CLANG_ANALYZER_NONNULL = YES;
				CLANG_ANALYZER_NUMBER_OBJECT_CONVERSION = YES_AGGRESSIVE;
				CLANG_CXX_LANGUAGE_STANDARD = "gnu++20";
				CLANG_ENABLE_MODULES = YES;
				CLANG_ENABLE_OBJC_ARC = YES;
				CLANG_ENABLE_OBJC_WEAK = YES;
				CLANG_WARN_BLOCK_CAPTURE_AUTORELEASING = YES;
				CLANG_WARN_BOOL_CONVERSION = YES;
				CLANG_WARN_COMMA = YES;
				CLANG_WARN_CONSTANT_CONVERSION = YES;
				CLANG_WARN_DEPRECATED_OBJC_IMPLEMENTATIONS = YES;
				CLANG_WARN_DIRECT_OBJC_ISA_USAGE = YES_ERROR;
				CLANG_WARN_DOCUMENTATION_COMMENTS = YES;
				CLANG_WARN_EMPTY_BODY = YES;
				CLANG_WARN_ENUM_CONVERSION = YES;
				CLANG_WARN_INFINITE_RECURSION = YES;
				CLANG_WARN_INT_CONVERSION = YES;
				CLANG_WARN_NON_LITERAL_NULL_CONVERSION = YES;
				CLANG_WARN_OBJC_IMPLICIT_RETAIN_SELF = YES;
				CLANG_WARN_OBJC_LITERAL_CONVERSION = YES;
				CLANG_WARN_OBJC_ROOT_CLASS = YES_ERROR;
				CLANG_WARN_QUOTED_INCLUDE_IN_FRAMEWORK_HEADER = YES;
				CLANG_WARN_RANGE_LOOP_ANALYSIS = YES;
				CLANG_WARN_STRICT_PROTOTYPES = YES;
				CLANG_WARN_SUSPICIOUS_MOVE = YES;
				CLANG_WARN_UNGUARDED_AVAILABILITY = YES_AGGRESSIVE;
				CLANG_WARN_UNREACHABLE_CODE = YES;
				CLANG_WARN__DUPLICATE_METHOD_MATCH = YES;
				COPY_PHASE_STRIP = NO;
				DEBUG_INFORMATION_FORMAT = "dwarf-with-dsym";
				ENABLE_NS_ASSERTIONS = NO;
				ENABLE_STRICT_OBJC_MSGSEND = YES;
				GCC_C_LANGUAGE_STANDARD = gnu11;
				GCC_NO_COMMON_BLOCKS = YES;
				GCC_WARN_64_TO_32_BIT_CONVERSION = YES;
				GCC_WARN_ABOUT_RETURN_TYPE = YES_ERROR;
				GCC_WARN_UNDECLARED_SELECTOR = YES;
				GCC_WARN_UNINITIALIZED_AUTOS = YES_AGGRESSIVE;
				GCC_WARN_UNUSED_FUNCTION = YES;
				GCC_WARN_UNUSED_VARIABLE = YES;
				MACOSX_DEPLOYMENT_TARGET = 13.0;
				MTL_ENABLE_DEBUG_INFO = NO;
				MTL_FAST_MATH = YES;
				SDKROOT = macosx;
				SWIFT_COMPILATION_MODE = wholemodule;
				SWIFT_OPTIMIZATION_LEVEL = "-O";
			};
			name = Release;
		};
		B1EF81322939E770000E9889 /* Debug */ = {
			isa = XCBuildConfiguration;
			buildSettings = {
				ASSETCATALOG_COMPILER_APPICON_NAME = AppIcon;
				ASSETCATALOG_COMPILER_GLOBAL_ACCENT_COLOR_NAME = AccentColor;
				CODE_SIGN_ENTITLEMENTS = "GSCParser-GUI/GSCParser.entitlements";
				CODE_SIGN_STYLE = Automatic;
				COMBINE_HIDPI_IMAGES = YES;
				CURRENT_PROJECT_VERSION = 1;
				DEVELOPMENT_ASSET_PATHS = "\"GSCParser-GUI/Preview Content\"";
				ENABLE_PREVIEWS = YES;
				GENERATE_INFOPLIST_FILE = YES;
				INFOPLIST_FILE = "GSCParser-GUI/Info.plist";
				INFOPLIST_KEY_NSHumanReadableCopyright = "";
				LD_RUNPATH_SEARCH_PATHS = (
					"$(inherited)",
					"@executable_path/../Frameworks",
				);
				MARKETING_VERSION = 1.0;
				PRODUCT_BUNDLE_IDENTIFIER = kr.khora.GSCParser;
				PRODUCT_NAME = "$(TARGET_NAME)";
				SWIFT_EMIT_LOC_STRINGS = YES;
				SWIFT_VERSION = 5.0;
			};
			name = Debug;
		};
		B1EF81332939E770000E9889 /* Release */ = {
			isa = XCBuildConfiguration;
			buildSettings = {
				ASSETCATALOG_COMPILER_APPICON_NAME = AppIcon;
				ASSETCATALOG_COMPILER_GLOBAL_ACCENT_COLOR_NAME = AccentColor;
				CODE_SIGN_ENTITLEMENTS = "GSCParser-GUI/GSCParser.entitlements";
				CODE_SIGN_STYLE = Automatic;
				COMBINE_HIDPI_IMAGES = YES;
				CURRENT_PROJECT_VERSION = 1;
				DEVELOPMENT_ASSET_PATHS = "\"GSCParser-GUI/Preview Content\"";
				ENABLE_PREVIEWS = YES;
				GENERATE_INFOPLIST_FILE = YES;
				INFOPLIST_FILE = "GSCParser-GUI/Info.plist";
				INFOPLIST_KEY_NSHumanReadableCopyright = "";
				LD_RUNPATH_SEARCH_PATHS = (
					"$(inherited)",
					"@executable_path/../Frameworks",
				);
				MARKETING_VERSION = 1.0;
				PRODUCT_BUNDLE_IDENTIFIER = kr.khora.GSCParser;
				PRODUCT_NAME = "$(TARGET_NAME)";
				SWIFT_EMIT_LOC_STRINGS = YES;
				SWIFT_VERSION = 5.0;
			};
			name = Release;
		};
		B1EF813D2939E78E000E9889 /* Debug */ = {
			isa = XCBuildConfiguration;
			buildSettings = {
				CODE_SIGN_STYLE = Automatic;
				PRODUCT_NAME = "$(TARGET_NAME)";
				SWIFT_VERSION = 5.0;
			};
			name = Debug;
		};
		B1EF813E2939E78E000E9889 /* Release */ = {
			isa = XCBuildConfiguration;
			buildSettings = {
				CODE_SIGN_STYLE = Automatic;
				PRODUCT_NAME = "$(TARGET_NAME)";
				SWIFT_VERSION = 5.0;
			};
			name = Release;
		};
		B1EF814A2939EA6A000E9889 /* Debug */ = {
			isa = XCBuildConfiguration;
			buildSettings = {
				CLANG_ENABLE_MODULES = YES;
				CODE_SIGN_STYLE = Automatic;
				EXECUTABLE_PREFIX = lib;
				LD_RUNPATH_SEARCH_PATHS = (
					"$(inherited)",
					"@executable_path/../Frameworks",
					"@loader_path/../Frameworks",
				);
				PRODUCT_NAME = "$(TARGET_NAME)";
				SKIP_INSTALL = YES;
				SWIFT_OPTIMIZATION_LEVEL = "-Onone";
				SWIFT_VERSION = 5.0;
			};
			name = Debug;
		};
		B1EF814B2939EA6A000E9889 /* Release */ = {
			isa = XCBuildConfiguration;
			buildSettings = {
				CLANG_ENABLE_MODULES = YES;
				CODE_SIGN_STYLE = Automatic;
				EXECUTABLE_PREFIX = lib;
				LD_RUNPATH_SEARCH_PATHS = (
					"$(inherited)",
					"@executable_path/../Frameworks",
					"@loader_path/../Frameworks",
				);
				PRODUCT_NAME = "$(TARGET_NAME)";
				SKIP_INSTALL = YES;
				SWIFT_VERSION = 5.0;
			};
			name = Release;
		};
/* End XCBuildConfiguration section */

/* Begin XCConfigurationList section */
		B1EF811D2939E76F000E9889 /* Build configuration list for PBXProject "GSCParser" */ = {
			isa = XCConfigurationList;
			buildConfigurations = (
				B1EF812F2939E770000E9889 /* Debug */,
				B1EF81302939E770000E9889 /* Release */,
			);
			defaultConfigurationIsVisible = 0;
			defaultConfigurationName = Release;
		};
		B1EF81312939E770000E9889 /* Build configuration list for PBXNativeTarget "GSCParser-GUI" */ = {
			isa = XCConfigurationList;
			buildConfigurations = (
				B1EF81322939E770000E9889 /* Debug */,
				B1EF81332939E770000E9889 /* Release */,
			);
			defaultConfigurationIsVisible = 0;
			defaultConfigurationName = Release;
		};
		B1EF813C2939E78E000E9889 /* Build configuration list for PBXNativeTarget "GSCParser-CLI" */ = {
			isa = XCConfigurationList;
			buildConfigurations = (
				B1EF813D2939E78E000E9889 /* Debug */,
				B1EF813E2939E78E000E9889 /* Release */,
			);
			defaultConfigurationIsVisible = 0;
			defaultConfigurationName = Release;
		};
		B1EF81492939EA6A000E9889 /* Build configuration list for PBXNativeTarget "GSCParser" */ = {
			isa = XCConfigurationList;
			buildConfigurations = (
				B1EF814A2939EA6A000E9889 /* Debug */,
				B1EF814B2939EA6A000E9889 /* Release */,
			);
			defaultConfigurationIsVisible = 0;
			defaultConfigurationName = Release;
		};
/* End XCConfigurationList section */

/* Begin XCRemoteSwiftPackageReference section */
		B11CE9B529408DA100C3B063 /* XCRemoteSwiftPackageReference "SwiftSoup" */ = {
			isa = XCRemoteSwiftPackageReference;
			repositoryURL = "https://github.com/scinfu/SwiftSoup";
			requirement = {
				kind = upToNextMajorVersion;
				minimumVersion = 2.0.0;
			};
		};
		B11CE9B829423B4E00C3B063 /* XCRemoteSwiftPackageReference "Alamofire" */ = {
			isa = XCRemoteSwiftPackageReference;
			repositoryURL = "https://github.com/Alamofire/Alamofire.git";
			requirement = {
				kind = upToNextMajorVersion;
				minimumVersion = 5.0.0;
			};
		};
		B1FDF3302948F73A004083A0 /* XCRemoteSwiftPackageReference "swift-argument-parser" */ = {
			isa = XCRemoteSwiftPackageReference;
			repositoryURL = "https://github.com/apple/swift-argument-parser.git";
			requirement = {
				kind = upToNextMajorVersion;
				minimumVersion = 1.2.0;
			};
		};
/* End XCRemoteSwiftPackageReference section */

/* Begin XCSwiftPackageProductDependency section */
		B11CE9B629408DA100C3B063 /* SwiftSoup */ = {
			isa = XCSwiftPackageProductDependency;
			package = B11CE9B529408DA100C3B063 /* XCRemoteSwiftPackageReference "SwiftSoup" */;
			productName = SwiftSoup;
		};
		B11CE9B929423B4E00C3B063 /* Alamofire */ = {
			isa = XCSwiftPackageProductDependency;
			package = B11CE9B829423B4E00C3B063 /* XCRemoteSwiftPackageReference "Alamofire" */;
			productName = Alamofire;
		};
		B1FDF3312948F73A004083A0 /* ArgumentParser */ = {
			isa = XCSwiftPackageProductDependency;
			package = B1FDF3302948F73A004083A0 /* XCRemoteSwiftPackageReference "swift-argument-parser" */;
			productName = ArgumentParser;
		};
/* End XCSwiftPackageProductDependency section */
	};
	rootObject = B1EF811A2939E76F000E9889 /* Project object */;
}
